github.com/andre-hub/go-gstreamer v0.0.0-20180415133709-cd81b61bde54 h1:/ku+rcQer1keFgSxJOSLz0271nkK//C9zSLQ71bE3gg=
github.com/andre-hub/go-gstreamer v0.0.0-20180415133709-cd81b61bde54/go.mod h1:TmQtQXwsAkdTQHWwV/k995wTfrf/jom4cqdyRZ/f+Zo=
github.com/diamondburned/arikawa v1.3.14 h1:9Y1r8nlvWA01hQIYVFGr83JTLd5ULPBzNOKvxbAsH1M=
github.com/diamondburned/arikawa/v2 v2.0.0-20201130222653-29582d61311e h1:4790diWbt3L843LTjD36Gm4Gl78AB/r/JpUGYOooIsE=
github.com/diamondburned/arikawa/v2 v2.0.0-20201130222653-29582d61311e/go.mod h1:e+lhS20ni2luFEU06Pc8paCxgZL99/RZb77dOC82CF0=
github.com/diamondburned/arikawa/v2 v2.0.0-20201201004226-0d427cab71af h1:s9uV8e/XB0m1DVRt5qhz0nllQCbtT665HsloHj71JyA=
github.com/diamondburned/arikawa/v2 v2.0.0-20201201004226-0d427cab71af/go.mod h1:e+lhS20ni2luFEU06Pc8paCxgZL99/RZb77dOC82CF0=
github.com/diamondburned/arikawa/v2 v2.0.0-20201201004643-1463d6e67522 h1:jpYXntnGskFxFAfsD1CxQHDZzTscgKtQ5LGjEErB3CY=
github.com/diamondburned/arikawa/v2 v2.0.0-20201201004643-1463d6e67522/go.mod h1:e+lhS20ni2luFEU06Pc8paCxgZL99/RZb77dOC82CF0=
github.com/diamondburned/arikawa/v2 v2.0.0-20201201005828-4df72dc891e5 h1:PPG/rWm2hUCn/wPTNvmcCVpcCfqMTmzYanrPBzGWYZA=
github.com/diamondburned/arikawa/v2 v2.0.0-20201201005828-4df72dc891e5/go.mod h1:e+lhS20ni2luFEU06Pc8paCxgZL99/RZb77dOC82CF0=
github.com/diamondburned/arikawa/v2 v2.0.0-20201201010411-6727f0e72812 h1:xyW2TT89nZeKgG3gbMrf5QN5BVo1c0pX7MIMYXWxKlI=
github.com/diamondburned/arikawa/v2 v2.0.0-20201201010411-6727f0e72812/go.mod h1:e+lhS20ni2luFEU06Pc8paCxgZL99/RZb77dOC82CF0=
github.com/diamondburned/arikawa/v2 v2.0.0-20201201031220-b8994ed0da14 h1:aHSqzCsA5FAY/n+7SGWUTZ3NawX7zLkMqfFOOSYH2XI=
github.com/diamondburned/arikawa/v2 v2.0.0-20201201031220-b8994ed0da14/go.mod h1:e+lhS20ni2luFEU06Pc8paCxgZL99/RZb77dOC82CF0=
github.com/diamondburned/arikawa/v2 v2.0.0-20201202020742-5e2af90fd009 h1:GVx/gvml7Tvzz64CcYfceLc01AhcUQFGRF86yw0SMfc=
github.com/diamondburned/arikawa/v2 v2.0.0-20201202020742-5e2af90fd009/go.mod h1:e+lhS20ni2luFEU06Pc8paCxgZL99/RZb77dOC82CF0=
github.com/diamondburned/gotk3 v0.0.0-20201130155633-7bac31bb1d45/go.mod h1:/hqFpkNa9T3JgNAE2fLvCdov7c5bw//FHNZrZ3Uv9/Q=
github.com/gorilla/schema v1.1.0 h1:CamqUDOFUBqzrvxuz2vEwo8+SUdwsluFh7IlzJh30LY=
github.com/gorilla/schema v1.1.0/go.mod h1:kgLaKoK1FELgZqMAVxx/5cbj0kT+57qxUrAlIO2eleU=
github.com/gorilla/schema v1.2.0 h1:YufUaxZYCKGFuAq3c96BOhjgd5nmXiOY9NGzF247Tsc=
github.com/gorilla/schema v1.2.0/go.mod h1:kgLaKoK1FELgZqMAVxx/5cbj0kT+57qxUrAlIO2eleU=
github.com/gorilla/websocket v1.4.2 h1:+/TMaTYc4QFitKJxsQ7Yye35DkWvkdLcvGKqM+x0Ufc=
github.com/gorilla/websocket v1.4.2/go.mod h1:YR8l580nyteQvAITg2hZ9XVh4b55+EU/adAjf1fMHhE=
github.com/gotk3/gotk3 v0.5.1 h1:zIZM2K4gmkGz1idEFVUPTQfAK/pnWoLKrlIjLOc4kzo=
github.com/gotk3/gotk3 v0.5.1/go.mod h1:/hqFpkNa9T3JgNAE2fLvCdov7c5bw//FHNZrZ3Uv9/Q=
github.com/hajimehoshi/oto v0.6.8 h1:yRb3EJQ4lAkBgZYheqmdH6Lr77RV9nSWFsK/jwWdTNY=
github.com/hajimehoshi/oto v0.6.8/go.mod h1:0QXGEkbuJRohbJaxr7ZQSxnju7hEhseiPx2hrh6raOI=
github.com/pkg/errors v0.9.1 h1:FEBLx1zS214owpjy7qsBeixbURkuhQAwrK5UwLGTwt4=
github.com/pkg/errors v0.9.1/go.mod h1:bwawxfHBFNV+L2hUp1rHADufV3IMtnDRdf1r5NINEl0=
golang.org/x/crypto v0.0.0-20190308221718-c2843e01d9a2/go.mod h1:djNgcEr1/C05ACkg1iLfiJU5Ep61QUkGW8qpdssI0+w=
golang.org/x/crypto v0.0.0-20200423211502-4bdfaf469ed5 h1:Q7tZBpemrlsc2I7IyODzhtallWRSm4Q0d09pL6XbQtU=
golang.org/x/crypto v0.0.0-20200423211502-4bdfaf469ed5/go.mod h1:LzIPMQfyMNhhGPhUkYOs5KpL4U8rLKemX1yGLhDgUto=
golang.org/x/crypto v0.0.0-20201016220609-9e8e0b390897 h1:pLI5jrR7OSLijeIDcmRxNmw2api+jEfxLoykJVice/E=
golang.org/x/crypto v0.0.0-20201016220609-9e8e0b390897/go.mod h1:LzIPMQfyMNhhGPhUkYOs5KpL4U8rLKemX1yGLhDgUto=
golang.org/x/exp v0.0.0-20190306152737-a1d7652674e8 h1:idBdZTd9UioThJp8KpM/rTSinK/ChZFBE43/WtIy8zg=
golang.org/x/exp v0.0.0-20190306152737-a1d7652674e8/go.mod h1:CJ0aWSM057203Lf6IL+f9T1iT9GByDxfZKAQTCR3kQA=
golang.org/x/image v0.0.0-20190227222117-0694c2d4d067 h1:KYGJGHOQy8oSi1fDlSpcZF0+juKwk/hEMv5SiwHogR0=
golang.org/x/image v0.0.0-20190227222117-0694c2d4d067/go.mod h1:kZ7UVZpmo3dzQBMxlp+ypCbDeSB+sBbTgSJuh5dn5js=
golang.org/x/mobile v0.0.0-20190415191353-3e0bab5405d6 h1:vyLBGJPIl9ZYbcQFM2USFmJBK6KI+t+z6jL0lbwjrnc=
golang.org/x/mobile v0.0.0-20190415191353-3e0bab5405d6/go.mod h1:E/iHnbuqvinMTCcRqshq8CkpyQDoeVncDDYHnLhea+o=
golang.org/x/net v0.0.0-20190404232315-eb5bcb51f2a3/go.mod h1:t9HGtf8HONx5eT2rtn7q6eTqICYqUVnKs3thJo3Qplg=
golang.org/x/sys v0.0.0-20190215142949-d0b11bdaac8a/go.mod h1:STP8DvDyc/dI5b8T5hshtkjS+E42TnysNCUPdjciGhY=
golang.org/x/sys v0.0.0-20190312061237-fead79001313/go.mod h1:h1NjWce9XRLGQEsW7wpKNCjG9DtNlClVuFLEZdDNbEs=
golang.org/x/sys v0.0.0-20190412213103-97732733099d/go.mod h1:h1NjWce9XRLGQEsW7wpKNCjG9DtNlClVuFLEZdDNbEs=
golang.org/x/sys v0.0.0-20190429190828-d89cdac9e872/go.mod h1:h1NjWce9XRLGQEsW7wpKNCjG9DtNlClVuFLEZdDNbEs=
golang.org/x/sys v0.0.0-20201018230417-eeed37f84f13 h1:5jaG59Zhd+8ZXe8C+lgiAGqkOaZBruqrWclLkgAww34=
golang.org/x/sys v0.0.0-20201018230417-eeed37f84f13/go.mod h1:h1NjWce9XRLGQEsW7wpKNCjG9DtNlClVuFLEZdDNbEs=
golang.org/x/text v0.3.0/go.mod h1:NqM8EUOU14njkJ3fqMW+pc6Ldnwhi/IjpwHt7yyuwOQ=
golang.org/x/time v0.0.0-20200416051211-89c76fbcd5d1 h1:NusfzzA6yGQ+ua51ck7E3omNUX/JuqbFSaRGqU8CcLI=
golang.org/x/time v0.0.0-20200416051211-89c76fbcd5d1/go.mod h1:tRJNPiyCQ0inRvYxbN9jk5I+vvW/OXSQhTDSoE431IQ=
golang.org/x/time v0.0.0-20200630173020-3af7569d3a1e h1:EHBhcS0mlXEAVwNyO2dLfjToGsyY4j24pTs2ScHnX7s=
golang.org/x/time v0.0.0-20200630173020-3af7569d3a1e/go.mod h1:tRJNPiyCQ0inRvYxbN9jk5I+vvW/OXSQhTDSoE431IQ=
layeh.com/gopus v0.0.0-20161224163843-0ebf989153aa h1:WNU4LYsgD2UHxgKgB36mL6iMAMOvr127alafSlgBbiA=
layeh.com/gopus v0.0.0-20161224163843-0ebf989153aa/go.mod h1:AOef7vHz0+v4sWwJnr0jSyHiX/1NgsMoaxl+rEPz/I0=
